
Microsoft Visual Studio Solution File, Format Version 12.00
# Visual Studio Version 17
VisualStudioVersion = 17.7.34024.191
MinimumVisualStudioVersion = 10.0.40219.1
Project("{FAE04EC0-301F-11D3-BF4B-00C04F79EFBC}") = "wofkolmao", "wofkolmao.csproj", "{C2801185-D3E4-4B96-83A1-4F777821BF58}"
EndProject
Global
	GlobalSection(SolutionConfigurationPlatforms) = preSolution
		Debug|Any CPU = Debug|Any CPU
		Release|Any CPU = Release|Any CPU
	EndGlobalSection
	GlobalSection(ProjectConfigurationPlatforms) = postSolution
		{C2801185-D3E4-4B96-83A1-4F777821BF58}.Debug|Any CPU.ActiveCfg = Debug|Any CPU
		{C2801185-D3E4-4B96-83A1-4F777821BF58}.Debug|Any CPU.Build.0 = Debug|Any CPU
		{C2801185-D3E4-4B96-83A1-4F777821BF58}.Release|Any CPU.ActiveCfg = Release|Any CPU
		{C2801185-D3E4-4B96-83A1-4F777821BF58}.Release|Any CPU.Build.0 = Release|Any CPU
	EndGlobalSection
	GlobalSection(SolutionProperties) = preSolution
		HideSolutionNode = FALSE
	EndGlobalSection
	GlobalSection(ExtensibilityGlobals) = postSolution
		SolutionGuid = {0F30BF4A-EA7E-4F27-90C3-AE9A97E9CC48}
	EndGlobalSection
EndGlobal
